
Microsoft Visual Studio Solution File, Format Version 12.00
# Visual Studio Version 16
VisualStudioVersion = 16.0.33027.164
MinimumVisualStudioVersion = 10.0.40219.1
Project("{FAE04EC0-301F-11D3-BF4B-00C04F79EFBC}") = "WebApplication1", "WebApplication1\WebApplication1.csproj", "{D5839673-34BB-40E6-A475-A6CA25CFA2D0}"
EndProject
Global
	GlobalSection(SolutionConfigurationPlatforms) = preSolution
		Debug|Any CPU = Debug|Any CPU
		Release|Any CPU = Release|Any CPU
	EndGlobalSection
	GlobalSection(ProjectConfigurationPlatforms) = postSolution
		{D5839673-34BB-40E6-A475-A6CA25CFA2D0}.Debug|Any CPU.ActiveCfg = Debug|Any CPU
		{D5839673-34BB-40E6-A475-A6CA25CFA2D0}.Debug|Any CPU.Build.0 = Debug|Any CPU
		{D5839673-34BB-40E6-A475-A6CA25CFA2D0}.Release|Any CPU.ActiveCfg = Release|Any CPU
		{D5839673-34BB-40E6-A475-A6CA25CFA2D0}.Release|Any CPU.Build.0 = Release|Any CPU
	EndGlobalSection
	GlobalSection(SolutionProperties) = preSolution
		HideSolutionNode = FALSE
	EndGlobalSection
	GlobalSection(ExtensibilityGlobals) = postSolution
		SolutionGuid = {E22685B2-BE00-480B-85AD-A029D7B3070B}
	EndGlobalSection
EndGlobal
